
Microsoft Visual Studio Solution File, Format Version 12.00
# Visual Studio 14
VisualStudioVersion = 14.0.25123.0
MinimumVisualStudioVersion = 10.0.40219.1
Project("{006DF575-2F99-4976-9C28-4A7F85700FFF}") = "Sitecore.Support.444444", "Sitecore.Support.444444\Sitecore.Support.444444.csproj", "{30B482AE-13D8-4134-8495-9CF8502B1AD4}"
EndProject
Global
	GlobalSection(SolutionConfigurationPlatforms) = preSolution
		Debug|Any CPU = Debug|Any CPU
		Release|Any CPU = Release|Any CPU
	EndGlobalSection
	GlobalSection(ProjectConfigurationPlatforms) = postSolution
		{30B482AE-13D8-4134-8495-9CF8502B1AD4}.Debug|Any CPU.ActiveCfg = Debug|Any CPU
		{30B482AE-13D8-4134-8495-9CF8502B1AD4}.Debug|Any CPU.Build.0 = Debug|Any CPU
		{30B482AE-13D8-4134-8495-9CF8502B1AD4}.Release|Any CPU.ActiveCfg = Release|Any CPU
		{30B482AE-13D8-4134-8495-9CF8502B1AD4}.Release|Any CPU.Build.0 = Release|Any CPU
	EndGlobalSection
	GlobalSection(SolutionProperties) = preSolution
		HideSolutionNode = FALSE
	EndGlobalSection
EndGlobal
